# This file is autogenerated, do not edit; changes may be undone by the next 'dep ensure'.


[[projects]]
  name = "github.com/veandco/go-sdl2"
  packages = [
    "img",
    "sdl",
    "ttf"
  ]
  revision = "271d2ec43388932fd2a80f4c2e81021734685a62"
  version = "v0.3"

[solve-meta]
  analyzer-name = "dep"
  analyzer-version = 1
  inputs-digest = "785b7e682692c8cdf1d995fbff8d433c6a7bdef559e6dc4fa1f1dac71d2162ba"
  solver-name = "gps-cdcl"
  solver-version = 1
